
Microsoft Visual Studio Solution File, Format Version 12.00
# Visual Studio Version 17
VisualStudioVersion = 17.4.33213.308
MinimumVisualStudioVersion = 10.0.40219.1
Project("{FAE04EC0-301F-11D3-BF4B-00C04F79EFBC}") = "DirectedGraphCycle", "DirectedGraphCycle\DirectedGraphCycle.csproj", "{51D9A1FE-39C7-4E12-921F-946B1A885FB1}"
EndProject
Global
	GlobalSection(SolutionConfigurationPlatforms) = preSolution
		Debug|Any CPU = Debug|Any CPU
		Release|Any CPU = Release|Any CPU
	EndGlobalSection
	GlobalSection(ProjectConfigurationPlatforms) = postSolution
		{51D9A1FE-39C7-4E12-921F-946B1A885FB1}.Debug|Any CPU.ActiveCfg = Debug|Any CPU
		{51D9A1FE-39C7-4E12-921F-946B1A885FB1}.Debug|Any CPU.Build.0 = Debug|Any CPU
		{51D9A1FE-39C7-4E12-921F-946B1A885FB1}.Release|Any CPU.ActiveCfg = Release|Any CPU
		{51D9A1FE-39C7-4E12-921F-946B1A885FB1}.Release|Any CPU.Build.0 = Release|Any CPU
	EndGlobalSection
	GlobalSection(SolutionProperties) = preSolution
		HideSolutionNode = FALSE
	EndGlobalSection
	GlobalSection(ExtensibilityGlobals) = postSolution
		SolutionGuid = {697FB377-3F70-485E-8A5F-7691C6DE0DFC}
	EndGlobalSection
EndGlobal
